{
  "version": "v1",
  "packages": {
    "medusa-payment-nmi": {
      "signature": "83d130d3f9f4b9e2f8dea0cff56691b8",
      "file": true,
      "replaced": "file:../packages/medusa-payment-nmi"
    },
    "medusa-payment-sezzle": {
      "signature": "abb1bd0fd01fcd84667ae8788b8f536e",
      "file": true,
      "replaced": "file:../packages/medusa-payment-sezzle"
    }
  }
}